
Microsoft Visual Studio Solution File, Format Version 12.00
# Visual Studio Version 17
VisualStudioVersion = 17.5.002.0
MinimumVisualStudioVersion = 10.0.40219.1
Project("{9A19103F-16F7-4668-BE54-9A1E7A4F7556}") = "ContextosDeConteudo", "ContextosDeConteudo.csproj", "{03A31EC1-75AF-4F5B-AE0C-9BCBD87D795E}"
EndProject
Global
	GlobalSection(SolutionConfigurationPlatforms) = preSolution
		Debug|Any CPU = Debug|Any CPU
		Release|Any CPU = Release|Any CPU
	EndGlobalSection
	GlobalSection(ProjectConfigurationPlatforms) = postSolution
		{03A31EC1-75AF-4F5B-AE0C-9BCBD87D795E}.Debug|Any CPU.ActiveCfg = Debug|Any CPU
		{03A31EC1-75AF-4F5B-AE0C-9BCBD87D795E}.Debug|Any CPU.Build.0 = Debug|Any CPU
		{03A31EC1-75AF-4F5B-AE0C-9BCBD87D795E}.Release|Any CPU.ActiveCfg = Release|Any CPU
		{03A31EC1-75AF-4F5B-AE0C-9BCBD87D795E}.Release|Any CPU.Build.0 = Release|Any CPU
	EndGlobalSection
	GlobalSection(SolutionProperties) = preSolution
		HideSolutionNode = FALSE
	EndGlobalSection
	GlobalSection(ExtensibilityGlobals) = postSolution
		SolutionGuid = {0D669B84-FFAD-4B35-963B-16A80B869149}
	EndGlobalSection
EndGlobal
